
Microsoft Visual Studio Solution File, Format Version 12.00
# Visual Studio Version 17
VisualStudioVersion = 17.11.35327.3
MinimumVisualStudioVersion = 10.0.40219.1
Project("{8BC9CEB8-8B4A-11D0-8D11-00A0C91BC942}") = "common_vc11", "..\..\common\common_vc11.vcxproj", "{D4C128A1-73DC-4941-A453-CE55AF239BA8}"
EndProject
Project("{8BC9CEB8-8B4A-11D0-8D11-00A0C91BC942}") = "f4se", "..\..\f4se\f4se\f4se.vcxproj", "{A236F69D-8FF9-4491-AC5F-45BF49448BBE}"
EndProject
Project("{8BC9CEB8-8B4A-11D0-8D11-00A0C91BC942}") = "f4se_common", "..\..\f4se\f4se_common\f4se_common.vcxproj", "{20C6411C-596F-4B85-BE4E-8BC91F59D8A6}"
EndProject
Project("{8BC9CEB8-8B4A-11D0-8D11-00A0C91BC942}") = "ez_f4se_plugin_example", "ez_f4se_plugin_example.vcxproj", "{74C0310D-63F3-4B81-8961-085F28C924F3}"
EndProject
Project("{2150E333-8FDC-42A3-9474-1A3956D46DE8}") = "f4se-core", "f4se-core", "{9D5CD8D4-B83C-4B58-8FF8-7690FB160DAC}"
EndProject
Global
	GlobalSection(SolutionConfigurationPlatforms) = preSolution
		Debug|x64 = Debug|x64
		Release|x64 = Release|x64
	EndGlobalSection
	GlobalSection(ProjectConfigurationPlatforms) = postSolution
		{D4C128A1-73DC-4941-A453-CE55AF239BA8}.Debug|x64.ActiveCfg = Debug|x64
		{D4C128A1-73DC-4941-A453-CE55AF239BA8}.Debug|x64.Build.0 = Debug|x64
		{D4C128A1-73DC-4941-A453-CE55AF239BA8}.Release|x64.ActiveCfg = Release|x64
		{D4C128A1-73DC-4941-A453-CE55AF239BA8}.Release|x64.Build.0 = Release|x64
		{A236F69D-8FF9-4491-AC5F-45BF49448BBE}.Debug|x64.ActiveCfg = Debug|x64
		{A236F69D-8FF9-4491-AC5F-45BF49448BBE}.Debug|x64.Build.0 = Debug|x64
		{A236F69D-8FF9-4491-AC5F-45BF49448BBE}.Release|x64.ActiveCfg = Release|x64
		{A236F69D-8FF9-4491-AC5F-45BF49448BBE}.Release|x64.Build.0 = Release|x64
		{20C6411C-596F-4B85-BE4E-8BC91F59D8A6}.Debug|x64.ActiveCfg = Debug|x64
		{20C6411C-596F-4B85-BE4E-8BC91F59D8A6}.Debug|x64.Build.0 = Debug|x64
		{20C6411C-596F-4B85-BE4E-8BC91F59D8A6}.Release|x64.ActiveCfg = Release|x64
		{20C6411C-596F-4B85-BE4E-8BC91F59D8A6}.Release|x64.Build.0 = Release|x64
		{74C0310D-63F3-4B81-8961-085F28C924F3}.Debug|x64.ActiveCfg = Debug|x64
		{74C0310D-63F3-4B81-8961-085F28C924F3}.Debug|x64.Build.0 = Debug|x64
		{74C0310D-63F3-4B81-8961-085F28C924F3}.Release|x64.ActiveCfg = Release|x64
		{74C0310D-63F3-4B81-8961-085F28C924F3}.Release|x64.Build.0 = Release|x64
	EndGlobalSection
	GlobalSection(SolutionProperties) = preSolution
		HideSolutionNode = FALSE
	EndGlobalSection
	GlobalSection(NestedProjects) = preSolution
		{D4C128A1-73DC-4941-A453-CE55AF239BA8} = {9D5CD8D4-B83C-4B58-8FF8-7690FB160DAC}
		{A236F69D-8FF9-4491-AC5F-45BF49448BBE} = {9D5CD8D4-B83C-4B58-8FF8-7690FB160DAC}
		{20C6411C-596F-4B85-BE4E-8BC91F59D8A6} = {9D5CD8D4-B83C-4B58-8FF8-7690FB160DAC}
	EndGlobalSection
	GlobalSection(ExtensibilityGlobals) = postSolution
		SolutionGuid = {057792F1-05DC-4AC3-8B65-FB25A04064A5}
	EndGlobalSection
EndGlobal
